
Microsoft Visual Studio Solution File, Format Version 12.00
# Visual Studio Version 17
VisualStudioVersion = 17.1.32319.34
MinimumVisualStudioVersion = 10.0.40219.1
Project("{9A19103F-16F7-4668-BE54-9A1E7A4F7556}") = "ConsoleITVDN", "ConsoleITVDN.csproj", "{1C5C8D4A-2820-4E88-B4E4-A0AEBB65A079}"
EndProject
Global
	GlobalSection(SolutionConfigurationPlatforms) = preSolution
		Debug|Any CPU = Debug|Any CPU
		Release|Any CPU = Release|Any CPU
	EndGlobalSection
	GlobalSection(ProjectConfigurationPlatforms) = postSolution
		{1C5C8D4A-2820-4E88-B4E4-A0AEBB65A079}.Debug|Any CPU.ActiveCfg = Debug|Any CPU
		{1C5C8D4A-2820-4E88-B4E4-A0AEBB65A079}.Debug|Any CPU.Build.0 = Debug|Any CPU
		{1C5C8D4A-2820-4E88-B4E4-A0AEBB65A079}.Release|Any CPU.ActiveCfg = Release|Any CPU
		{1C5C8D4A-2820-4E88-B4E4-A0AEBB65A079}.Release|Any CPU.Build.0 = Release|Any CPU
	EndGlobalSection
	GlobalSection(SolutionProperties) = preSolution
		HideSolutionNode = FALSE
	EndGlobalSection
	GlobalSection(ExtensibilityGlobals) = postSolution
		SolutionGuid = {8713ACD1-AC73-4BC0-8D6A-70AA2471125A}
	EndGlobalSection
EndGlobal
